
Microsoft Visual Studio Solution File, Format Version 12.00
# Visual Studio Version 17
VisualStudioVersion = 17.11.35303.130
MinimumVisualStudioVersion = 10.0.40219.1
Project("{FAE04EC0-301F-11D3-BF4B-00C04F79EFBC}") = "UserAuth", "UserAuth\UserAuth.csproj", "{9C50216D-7A78-4A2B-A419-C76E762572FF}"
EndProject
Global
	GlobalSection(SolutionConfigurationPlatforms) = preSolution
		Debug|Any CPU = Debug|Any CPU
		Release|Any CPU = Release|Any CPU
	EndGlobalSection
	GlobalSection(ProjectConfigurationPlatforms) = postSolution
		{9C50216D-7A78-4A2B-A419-C76E762572FF}.Debug|Any CPU.ActiveCfg = Debug|Any CPU
		{9C50216D-7A78-4A2B-A419-C76E762572FF}.Debug|Any CPU.Build.0 = Debug|Any CPU
		{9C50216D-7A78-4A2B-A419-C76E762572FF}.Release|Any CPU.ActiveCfg = Release|Any CPU
		{9C50216D-7A78-4A2B-A419-C76E762572FF}.Release|Any CPU.Build.0 = Release|Any CPU
	EndGlobalSection
	GlobalSection(SolutionProperties) = preSolution
		HideSolutionNode = FALSE
	EndGlobalSection
	GlobalSection(ExtensibilityGlobals) = postSolution
		SolutionGuid = {AEBB7C0A-886B-4C26-869B-1FD850BDDD35}
	EndGlobalSection
EndGlobal
